
Microsoft Visual Studio Solution File, Format Version 12.00
# Visual Studio Version 16
VisualStudioVersion = 16.0.32228.343
MinimumVisualStudioVersion = 10.0.40219.1
Project("{FAE04EC0-301F-11D3-BF4B-00C04F79EFBC}") = "ADO_TEST", "ADO_TEST\ADO_TEST.csproj", "{A4927AF3-4619-416E-B6F7-A0B0EDDA1D62}"
EndProject
Global
	GlobalSection(SolutionConfigurationPlatforms) = preSolution
		Debug|Any CPU = Debug|Any CPU
		Release|Any CPU = Release|Any CPU
	EndGlobalSection
	GlobalSection(ProjectConfigurationPlatforms) = postSolution
		{A4927AF3-4619-416E-B6F7-A0B0EDDA1D62}.Debug|Any CPU.ActiveCfg = Debug|Any CPU
		{A4927AF3-4619-416E-B6F7-A0B0EDDA1D62}.Debug|Any CPU.Build.0 = Debug|Any CPU
		{A4927AF3-4619-416E-B6F7-A0B0EDDA1D62}.Release|Any CPU.ActiveCfg = Release|Any CPU
		{A4927AF3-4619-416E-B6F7-A0B0EDDA1D62}.Release|Any CPU.Build.0 = Release|Any CPU
	EndGlobalSection
	GlobalSection(SolutionProperties) = preSolution
		HideSolutionNode = FALSE
	EndGlobalSection
	GlobalSection(ExtensibilityGlobals) = postSolution
		SolutionGuid = {115C67A5-2F23-464E-8756-B60D07D20E92}
	EndGlobalSection
EndGlobal
