
Microsoft Visual Studio Solution File, Format Version 12.00
# Visual Studio Version 16
VisualStudioVersion = 16.0.32228.343
MinimumVisualStudioVersion = 10.0.40219.1
Project("{FAE04EC0-301F-11D3-BF4B-00C04F79EFBC}") = "Day9", "Day9\Day9.csproj", "{67C500EA-4924-4F75-815D-C37A6ED22372}"
EndProject
Global
	GlobalSection(SolutionConfigurationPlatforms) = preSolution
		Debug|Any CPU = Debug|Any CPU
		Release|Any CPU = Release|Any CPU
	EndGlobalSection
	GlobalSection(ProjectConfigurationPlatforms) = postSolution
		{67C500EA-4924-4F75-815D-C37A6ED22372}.Debug|Any CPU.ActiveCfg = Debug|Any CPU
		{67C500EA-4924-4F75-815D-C37A6ED22372}.Debug|Any CPU.Build.0 = Debug|Any CPU
		{67C500EA-4924-4F75-815D-C37A6ED22372}.Release|Any CPU.ActiveCfg = Release|Any CPU
		{67C500EA-4924-4F75-815D-C37A6ED22372}.Release|Any CPU.Build.0 = Release|Any CPU
	EndGlobalSection
	GlobalSection(SolutionProperties) = preSolution
		HideSolutionNode = FALSE
	EndGlobalSection
	GlobalSection(ExtensibilityGlobals) = postSolution
		SolutionGuid = {59321A86-D9BF-4DBD-A035-F7DC110CAD4B}
	EndGlobalSection
EndGlobal
