
Microsoft Visual Studio Solution File, Format Version 12.00
# Visual Studio Version 16
VisualStudioVersion = 16.0.32228.343
MinimumVisualStudioVersion = 10.0.40219.1
Project("{FAE04EC0-301F-11D3-BF4B-00C04F79EFBC}") = "SimpleWindow", "SimpleWindow\SimpleWindow.csproj", "{A6C68036-1F70-4304-88CE-BAD518A94DFC}"
EndProject
Global
	GlobalSection(SolutionConfigurationPlatforms) = preSolution
		Debug|Any CPU = Debug|Any CPU
		Release|Any CPU = Release|Any CPU
	EndGlobalSection
	GlobalSection(ProjectConfigurationPlatforms) = postSolution
		{A6C68036-1F70-4304-88CE-BAD518A94DFC}.Debug|Any CPU.ActiveCfg = Debug|Any CPU
		{A6C68036-1F70-4304-88CE-BAD518A94DFC}.Debug|Any CPU.Build.0 = Debug|Any CPU
		{A6C68036-1F70-4304-88CE-BAD518A94DFC}.Release|Any CPU.ActiveCfg = Release|Any CPU
		{A6C68036-1F70-4304-88CE-BAD518A94DFC}.Release|Any CPU.Build.0 = Release|Any CPU
	EndGlobalSection
	GlobalSection(SolutionProperties) = preSolution
		HideSolutionNode = FALSE
	EndGlobalSection
	GlobalSection(ExtensibilityGlobals) = postSolution
		SolutionGuid = {56442C08-4779-4122-9B35-01FE62B1ED2A}
	EndGlobalSection
EndGlobal
