
Microsoft Visual Studio Solution File, Format Version 12.00
# Visual Studio Version 16
VisualStudioVersion = 16.0.32228.343
MinimumVisualStudioVersion = 10.0.40219.1
Project("{FAE04EC0-301F-11D3-BF4B-00C04F79EFBC}") = "Day8", "Day8\Day8.csproj", "{AD5748B0-EE2A-433C-BC8A-F6BA25BB56F7}"
EndProject
Global
	GlobalSection(SolutionConfigurationPlatforms) = preSolution
		Debug|Any CPU = Debug|Any CPU
		Release|Any CPU = Release|Any CPU
	EndGlobalSection
	GlobalSection(ProjectConfigurationPlatforms) = postSolution
		{AD5748B0-EE2A-433C-BC8A-F6BA25BB56F7}.Debug|Any CPU.ActiveCfg = Debug|Any CPU
		{AD5748B0-EE2A-433C-BC8A-F6BA25BB56F7}.Debug|Any CPU.Build.0 = Debug|Any CPU
		{AD5748B0-EE2A-433C-BC8A-F6BA25BB56F7}.Release|Any CPU.ActiveCfg = Release|Any CPU
		{AD5748B0-EE2A-433C-BC8A-F6BA25BB56F7}.Release|Any CPU.Build.0 = Release|Any CPU
	EndGlobalSection
	GlobalSection(SolutionProperties) = preSolution
		HideSolutionNode = FALSE
	EndGlobalSection
	GlobalSection(ExtensibilityGlobals) = postSolution
		SolutionGuid = {CE149141-21F0-4331-822F-2730BCFF5E2A}
	EndGlobalSection
EndGlobal
