
Microsoft Visual Studio Solution File, Format Version 12.00
# Visual Studio Version 16
VisualStudioVersion = 16.0.32228.343
MinimumVisualStudioVersion = 10.0.40219.1
Project("{FAE04EC0-301F-11D3-BF4B-00C04F79EFBC}") = "UsingControls", "UsingControls\UsingControls.csproj", "{76AC1132-2DDB-464F-A37E-BFDF051456B0}"
EndProject
Global
	GlobalSection(SolutionConfigurationPlatforms) = preSolution
		Debug|Any CPU = Debug|Any CPU
		Release|Any CPU = Release|Any CPU
	EndGlobalSection
	GlobalSection(ProjectConfigurationPlatforms) = postSolution
		{76AC1132-2DDB-464F-A37E-BFDF051456B0}.Debug|Any CPU.ActiveCfg = Debug|Any CPU
		{76AC1132-2DDB-464F-A37E-BFDF051456B0}.Debug|Any CPU.Build.0 = Debug|Any CPU
		{76AC1132-2DDB-464F-A37E-BFDF051456B0}.Release|Any CPU.ActiveCfg = Release|Any CPU
		{76AC1132-2DDB-464F-A37E-BFDF051456B0}.Release|Any CPU.Build.0 = Release|Any CPU
	EndGlobalSection
	GlobalSection(SolutionProperties) = preSolution
		HideSolutionNode = FALSE
	EndGlobalSection
	GlobalSection(ExtensibilityGlobals) = postSolution
		SolutionGuid = {17874E98-1E24-4133-B5FA-FC47A8835AC8}
	EndGlobalSection
EndGlobal
